{
  "name": "emoji-website-with-emoji-art-generator",
  "version": "1.0.0",
  "lockfileVersion": 2,
  "requires": true,
  "packages": {
    "": {
      "name": "emoji-website-with-emoji-art-generator",
      "version": "1.0.0",
      "license": "ISC",
      "dependencies": {
        "graphemer": "^1.4.0"
      }
    },
    "node_modules/graphemer": {
      "version": "1.4.0",
      "resolved": "https://mirrors.cloud.tencent.com/npm/graphemer/-/graphemer-1.4.0.tgz",
      "integrity": "sha512-EtKwoO6kxCL9WO5xipiHTZlSzBm7WLT627TqC/uVRd0HKmq8NXyebnNYxDoBi7wt8eTWrUrKXCOVaFq9x1kgag==",
      "license": "MIT"
    }
  },
  "dependencies": {
    "graphemer": {
      "version": "1.4.0",
      "resolved": "https://mirrors.cloud.tencent.com/npm/graphemer/-/graphemer-1.4.0.tgz",
      "integrity": "sha512-EtKwoO6kxCL9WO5xipiHTZlSzBm7WLT627TqC/uVRd0HKmq8NXyebnNYxDoBi7wt8eTWrUrKXCOVaFq9x1kgag=="
    }
  }
}
